
Microsoft Visual Studio Solution File, Format Version 12.00
# Visual Studio Version 17
VisualStudioVersion = 17.3.32929.385
MinimumVisualStudioVersion = 10.0.40219.1
Project("{FAE04EC0-301F-11D3-BF4B-00C04F79EFBC}") = "SlotMachine", "SlotMachine\SlotMachine.csproj", "{F7D014DB-9EB5-4EFC-812E-8B31793A0CF2}"
EndProject
Global
	GlobalSection(SolutionConfigurationPlatforms) = preSolution
		Debug|Any CPU = Debug|Any CPU
		Release|Any CPU = Release|Any CPU
	EndGlobalSection
	GlobalSection(ProjectConfigurationPlatforms) = postSolution
		{F7D014DB-9EB5-4EFC-812E-8B31793A0CF2}.Debug|Any CPU.ActiveCfg = Debug|Any CPU
		{F7D014DB-9EB5-4EFC-812E-8B31793A0CF2}.Debug|Any CPU.Build.0 = Debug|Any CPU
		{F7D014DB-9EB5-4EFC-812E-8B31793A0CF2}.Release|Any CPU.ActiveCfg = Release|Any CPU
		{F7D014DB-9EB5-4EFC-812E-8B31793A0CF2}.Release|Any CPU.Build.0 = Release|Any CPU
	EndGlobalSection
	GlobalSection(SolutionProperties) = preSolution
		HideSolutionNode = FALSE
	EndGlobalSection
	GlobalSection(ExtensibilityGlobals) = postSolution
		SolutionGuid = {F15952AE-9F4F-4DF4-B39E-F1676EB2E0B8}
	EndGlobalSection
EndGlobal
